{
  "name": "simple-pixel-art-editor",
  "version": "0.0.1",
  "lockfileVersion": 3,
  "requires": true,
  "packages": {
    "": {
      "name": "simple-pixel-art-editor",
      "version": "0.0.1",
      "license": "ISC",
      "devDependencies": {
        "@eslint/js": "^9.17.0",
        "eslint": "^9.17.0",
        "eslint-config-prettier": "^9.1.0",
        "eslint-plugin-prettier": "^5.2.1",
        "globals": "^15.14.0",
        "prettier": "^3.4.2"
      }
    },
    "node_modules/@eslint-community/eslint-utils": {
      "version": "4.4.1",
      "resolved": "https://lht.app.lufthansa.com/artifactory/api/npm/npm-repos/@eslint-community/eslint-utils/-/eslint-utils-4.4.1.tgz",
      "integrity": "sha1-0RRb8sIBMtZABJXW30v1k2L9nVY=",
      "dev": true,
      "dependencies": {
        "eslint-visitor-keys": "^3.4.3"
      },
      "engines": {
        "node": "^12.22.0 || ^14.17.0 || >=16.0.0"
      },
      "funding": {
        "url": "https://opencollective.com/eslint"
      },
      "peerDependencies": {
        "eslint": "^6.0.0 || ^7.0.0 || >=8.0.0"
      }
    },
    "node_modules/@eslint-community/eslint-utils/node_modules/eslint-visitor-keys": {
      "version": "3.4.3",
      "resolved": "https://lht.app.lufthansa.com/artifactory/api/npm/npm-repos/eslint-visitor-keys/-/eslint-visitor-keys-3.4.3.tgz",
      "integrity": "sha1-DNcv6FUOPC6uFWqWpN3c0cisWAA=",
      "dev": true,
      "engines": {
        "node": "^12.22.0 || ^14.17.0 || >=16.0.0"
      },
      "funding": {
        "url": "https://opencollective.com/eslint"
      }
    },
    "node_modules/@eslint-community/regexpp": {
      "version": "4.12.1",
      "resolved": "https://lht.app.lufthansa.com/artifactory/api/npm/npm-repos/@eslint-community/regexpp/-/regexpp-4.12.1.tgz",
      "integrity": "sha1-z8bP/jnfOQo4Qc3iq8z5Lqp64OA=",
      "dev": true,
      "engines": {
        "node": "^12.0.0 || ^14.0.0 || >=16.0.0"
      }
    },
    "node_modules/@eslint/config-array": {
      "version": "0.19.1",
      "resolved": "https://lht.app.lufthansa.com/artifactory/api/npm/npm-repos/@eslint/config-array/-/config-array-0.19.1.tgz",
      "integrity": "sha1-c0quosQL4iu7HyqdrGh8V6akyYQ=",
      "dev": true,
      "dependencies": {
        "@eslint/object-schema": "^2.1.5",
        "debug": "^4.3.1",
        "minimatch": "^3.1.2"
      },
      "engines": {
        "node": "^18.18.0 || ^20.9.0 || >=21.1.0"
      }
    },
    "node_modules/@eslint/core": {
      "version": "0.9.1",
      "resolved": "https://lht.app.lufthansa.com/artifactory/api/npm/npm-repos/@eslint/core/-/core-0.9.1.tgz",
      "integrity": "sha1-MXY4RzCO9rcISkUFVzrJQCxR+dE=",
      "dev": true,
      "dependencies": {
        "@types/json-schema": "^7.0.15"
      },
      "engines": {
        "node": "^18.18.0 || ^20.9.0 || >=21.1.0"
      }
    },
    "node_modules/@eslint/eslintrc": {
      "version": "3.2.0",
      "resolved": "https://lht.app.lufthansa.com/artifactory/api/npm/npm-repos/@eslint/eslintrc/-/eslintrc-3.2.0.tgz",
      "integrity": "sha1-V0cKxOLig6a/dgRNYygRluNwVCw=",
      "dev": true,
      "dependencies": {
        "ajv": "^6.12.4",
        "debug": "^4.3.2",
        "espree": "^10.0.1",
        "globals": "^14.0.0",
        "ignore": "^5.2.0",
        "import-fresh": "^3.2.1",
        "js-yaml": "^4.1.0",
        "minimatch": "^3.1.2",
        "strip-json-comments": "^3.1.1"
      },
      "engines": {
        "node": "^18.18.0 || ^20.9.0 || >=21.1.0"
      },
      "funding": {
        "url": "https://opencollective.com/eslint"
      }
    },
    "node_modules/@eslint/eslintrc/node_modules/globals": {
      "version": "14.0.0",
      "resolved": "https://lht.app.lufthansa.com/artifactory/api/npm/npm-repos/globals/-/globals-14.0.0.tgz",
      "integrity": "sha1-iY10E8Kbq89rr+Vvyt3thYrack4=",
      "dev": true,
      "engines": {
        "node": ">=18"
      },
      "funding": {
        "url": "https://github.com/sponsors/sindresorhus"
      }
    },
    "node_modules/@eslint/js": {
      "version": "9.17.0",
      "resolved": "https://lht.app.lufthansa.com/artifactory/api/npm/npm-repos/@eslint/js/-/js-9.17.0.tgz",
      "integrity": "sha1-FSPlhnkfgDdqb4OYo5ZEVezGUew=",
      "dev": true,
      "engines": {
        "node": "^18.18.0 || ^20.9.0 || >=21.1.0"
      }
    },
    "node_modules/@eslint/object-schema": {
      "version": "2.1.5",
      "resolved": "https://lht.app.lufthansa.com/artifactory/api/npm/npm-repos/@eslint/object-schema/-/object-schema-2.1.5.tgz",
      "integrity": "sha1-hnCo9iWKK+WyxiD/MUodmEwj6y4=",
      "dev": true,
      "engines": {
        "node": "^18.18.0 || ^20.9.0 || >=21.1.0"
      }
    },
    "node_modules/@eslint/plugin-kit": {
      "version": "0.2.4",
      "resolved": "https://lht.app.lufthansa.com/artifactory/api/npm/npm-repos/@eslint/plugin-kit/-/plugin-kit-0.2.4.tgz",
      "integrity": "sha1-K3jnuzdVeEuxP6qJMqHZlNZTd5I=",
      "dev": true,
      "dependencies": {
        "levn": "^0.4.1"
      },
      "engines": {
        "node": "^18.18.0 || ^20.9.0 || >=21.1.0"
      }
    },
    "node_modules/@humanfs/core": {
      "version": "0.19.1",
      "resolved": "https://lht.app.lufthansa.com/artifactory/api/npm/npm-repos/@humanfs/core/-/core-0.19.1.tgz",
      "integrity": "sha1-F8Vcp9Qmcz/jxWGQa4Fzwza0Cnc=",
      "dev": true,
      "engines": {
        "node": ">=18.18.0"
      }
    },
    "node_modules/@humanfs/node": {
      "version": "0.16.6",
      "resolved": "https://lht.app.lufthansa.com/artifactory/api/npm/npm-repos/@humanfs/node/-/node-0.16.6.tgz",
      "integrity": "sha1-7ioQ6qvRExmHvwSI/ZuCAXTNdl4=",
      "dev": true,
      "dependencies": {
        "@humanfs/core": "^0.19.1",
        "@humanwhocodes/retry": "^0.3.0"
      },
      "engines": {
        "node": ">=18.18.0"
      }
    },
    "node_modules/@humanfs/node/node_modules/@humanwhocodes/retry": {
      "version": "0.3.1",
      "resolved": "https://lht.app.lufthansa.com/artifactory/api/npm/npm-repos/@humanwhocodes/retry/-/retry-0.3.1.tgz",
      "integrity": "sha1-xypcdqn7rzSI4jGxPcUsDae6tCo=",
      "dev": true,
      "engines": {
        "node": ">=18.18"
      },
      "funding": {
        "type": "github",
        "url": "https://github.com/sponsors/nzakas"
      }
    },
    "node_modules/@humanwhocodes/module-importer": {
      "version": "1.0.1",
      "resolved": "https://lht.app.lufthansa.com/artifactory/api/npm/npm-repos/@humanwhocodes/module-importer/-/module-importer-1.0.1.tgz",
      "integrity": "sha1-r1smkaIrRL6EewyoFkHF+2rQFyw=",
      "dev": true,
      "engines": {
        "node": ">=12.22"
      },
      "funding": {
        "type": "github",
        "url": "https://github.com/sponsors/nzakas"
      }
    },
    "node_modules/@humanwhocodes/retry": {
      "version": "0.4.1",
      "resolved": "https://lht.app.lufthansa.com/artifactory/api/npm/npm-repos/@humanwhocodes/retry/-/retry-0.4.1.tgz",
      "integrity": "sha1-mpbOUBvGLfRsQDH72XDjzGsQ8Hs=",
      "dev": true,
      "engines": {
        "node": ">=18.18"
      },
      "funding": {
        "type": "github",
        "url": "https://github.com/sponsors/nzakas"
      }
    },
    "node_modules/@pkgr/core": {
      "version": "0.1.1",
      "resolved": "https://lht.app.lufthansa.com/artifactory/api/npm/npm-repos/@pkgr/core/-/core-0.1.1.tgz",
      "integrity": "sha1-HsF+LtvsJcgwbUJOz78Tx94aqjE=",
      "dev": true,
      "engines": {
        "node": "^12.20.0 || ^14.18.0 || >=16.0.0"
      },
      "funding": {
        "url": "https://opencollective.com/unts"
      }
    },
    "node_modules/@types/estree": {
      "version": "1.0.6",
      "resolved": "https://lht.app.lufthansa.com/artifactory/api/npm/npm-repos/@types/estree/-/estree-1.0.6.tgz",
      "integrity": "sha1-Yo7/7q4gZKG055946B2Ht+X8e1A=",
      "dev": true
    },
    "node_modules/@types/json-schema": {
      "version": "7.0.15",
      "resolved": "https://lht.app.lufthansa.com/artifactory/api/npm/npm-repos/@types/json-schema/-/json-schema-7.0.15.tgz",
      "integrity": "sha1-WWoXRyM2lNUPatinhp/Lb1bPWEE=",
      "dev": true
    },
    "node_modules/acorn": {
      "version": "8.14.0",
      "resolved": "https://lht.app.lufthansa.com/artifactory/api/npm/npm-repos/acorn/-/acorn-8.14.0.tgz",
      "integrity": "sha1-Bj4scMrF+09kZ/CxEVLgTGgnlbA=",
      "dev": true,
      "bin": {
        "acorn": "bin/acorn"
      },
      "engines": {
        "node": ">=0.4.0"
      }
    },
    "node_modules/acorn-jsx": {
      "version": "5.3.2",
      "resolved": "https://lht.app.lufthansa.com/artifactory/api/npm/npm-repos/acorn-jsx/-/acorn-jsx-5.3.2.tgz",
      "integrity": "sha1-ftW7VZCLOy8bxVxq8WU7rafweTc=",
      "dev": true,
      "peerDependencies": {
        "acorn": "^6.0.0 || ^7.0.0 || ^8.0.0"
      }
    },
    "node_modules/ajv": {
      "version": "6.12.6",
      "resolved": "https://lht.app.lufthansa.com/artifactory/api/npm/npm-repos/ajv/-/ajv-6.12.6.tgz",
      "integrity": "sha1-uvWmLoArB9l3A0WG+MO69a3ybfQ=",
      "dev": true,
      "dependencies": {
        "fast-deep-equal": "^3.1.1",
        "fast-json-stable-stringify": "^2.0.0",
        "json-schema-traverse": "^0.4.1",
        "uri-js": "^4.2.2"
      },
      "funding": {
        "type": "github",
        "url": "https://github.com/sponsors/epoberezkin"
      }
    },
    "node_modules/ansi-styles": {
      "version": "4.3.0",
      "resolved": "https://lht.app.lufthansa.com/artifactory/api/npm/npm-repos/ansi-styles/-/ansi-styles-4.3.0.tgz",
      "integrity": "sha1-7dgDYornHATIWuegkG7a00tkiTc=",
      "dev": true,
      "dependencies": {
        "color-convert": "^2.0.1"
      },
      "engines": {
        "node": ">=8"
      },
      "funding": {
        "url": "https://github.com/chalk/ansi-styles?sponsor=1"
      }
    },
    "node_modules/argparse": {
      "version": "2.0.1",
      "resolved": "https://lht.app.lufthansa.com/artifactory/api/npm/npm-repos/argparse/-/argparse-2.0.1.tgz",
      "integrity": "sha1-JG9Q88p4oyQPbJl+ipvR6sSeSzg=",
      "dev": true
    },
    "node_modules/balanced-match": {
      "version": "1.0.2",
      "resolved": "https://lht.app.lufthansa.com/artifactory/api/npm/npm-repos/balanced-match/-/balanced-match-1.0.2.tgz",
      "integrity": "sha1-6D46fj8wCzTLnYf2FfoMvzV2kO4=",
      "dev": true
    },
    "node_modules/brace-expansion": {
      "version": "1.1.11",
      "resolved": "https://lht.app.lufthansa.com/artifactory/api/npm/npm-repos/brace-expansion/-/brace-expansion-1.1.11.tgz",
      "integrity": "sha1-PH/L9SnYcibz0vUrlm/1Jx60Qd0=",
      "dev": true,
      "dependencies": {
        "balanced-match": "^1.0.0",
        "concat-map": "0.0.1"
      }
    },
    "node_modules/callsites": {
      "version": "3.1.0",
      "resolved": "https://lht.app.lufthansa.com/artifactory/api/npm/npm-repos/callsites/-/callsites-3.1.0.tgz",
      "integrity": "sha1-s2MKvYlDQy9Us/BRkjjjPNffL3M=",
      "dev": true,
      "engines": {
        "node": ">=6"
      }
    },
    "node_modules/chalk": {
      "version": "4.1.2",
      "resolved": "https://lht.app.lufthansa.com/artifactory/api/npm/npm-repos/chalk/-/chalk-4.1.2.tgz",
      "integrity": "sha1-qsTit3NKdAhnrrFr8CqtVWoeegE=",
      "dev": true,
      "dependencies": {
        "ansi-styles": "^4.1.0",
        "supports-color": "^7.1.0"
      },
      "engines": {
        "node": ">=10"
      },
      "funding": {
        "url": "https://github.com/chalk/chalk?sponsor=1"
      }
    },
    "node_modules/color-convert": {
      "version": "2.0.1",
      "resolved": "https://lht.app.lufthansa.com/artifactory/api/npm/npm-repos/color-convert/-/color-convert-2.0.1.tgz",
      "integrity": "sha1-ctOmjVmMm9s68q0ehPIdiWq9TeM=",
      "dev": true,
      "dependencies": {
        "color-name": "~1.1.4"
      },
      "engines": {
        "node": ">=7.0.0"
      }
    },
    "node_modules/color-name": {
      "version": "1.1.4",
      "resolved": "https://lht.app.lufthansa.com/artifactory/api/npm/npm-repos/color-name/-/color-name-1.1.4.tgz",
      "integrity": "sha1-wqCah6y95pVD3m9j+jmVyCbFNqI=",
      "dev": true
    },
    "node_modules/concat-map": {
      "version": "0.0.1",
      "resolved": "https://lht.app.lufthansa.com/artifactory/api/npm/npm-repos/concat-map/-/concat-map-0.0.1.tgz",
      "integrity": "sha1-2Klr13/Wjfd5OnMDajug1UBdR3s=",
      "dev": true
    },
    "node_modules/cross-spawn": {
      "version": "7.0.6",
      "resolved": "https://lht.app.lufthansa.com/artifactory/api/npm/npm-repos/cross-spawn/-/cross-spawn-7.0.6.tgz",
      "integrity": "sha1-ilj+ePANzXDDcEUXWd+/rwPo7p8=",
      "dev": true,
      "dependencies": {
        "path-key": "^3.1.0",
        "shebang-command": "^2.0.0",
        "which": "^2.0.1"
      },
      "engines": {
        "node": ">= 8"
      }
    },
    "node_modules/debug": {
      "version": "4.4.0",
      "resolved": "https://lht.app.lufthansa.com/artifactory/api/npm/npm-repos/debug/-/debug-4.4.0.tgz",
      "integrity": "sha1-Kz8q6i/+t3ZHdGAmc3fchxD6uoo=",
      "dev": true,
      "dependencies": {
        "ms": "^2.1.3"
      },
      "engines": {
        "node": ">=6.0"
      },
      "peerDependenciesMeta": {
        "supports-color": {
          "optional": true
        }
      }
    },
    "node_modules/deep-is": {
      "version": "0.1.4",
      "resolved": "https://lht.app.lufthansa.com/artifactory/api/npm/npm-repos/deep-is/-/deep-is-0.1.4.tgz",
      "integrity": "sha1-pvLc5hL63S7x9Rm3NVHxfoUZmDE=",
      "dev": true
    },
    "node_modules/escape-string-regexp": {
      "version": "4.0.0",
      "resolved": "https://lht.app.lufthansa.com/artifactory/api/npm/npm-repos/escape-string-regexp/-/escape-string-regexp-4.0.0.tgz",
      "integrity": "sha1-FLqDpdNz49MR5a/KKc9b+tllvzQ=",
      "dev": true,
      "engines": {
        "node": ">=10"
      },
      "funding": {
        "url": "https://github.com/sponsors/sindresorhus"
      }
    },
    "node_modules/eslint": {
      "version": "9.17.0",
      "resolved": "https://lht.app.lufthansa.com/artifactory/api/npm/npm-repos/eslint/-/eslint-9.17.0.tgz",
      "integrity": "sha1-+qH6y13QQhcv3FIBBphLXCQhuww=",
      "dev": true,
      "dependencies": {
        "@eslint-community/eslint-utils": "^4.2.0",
        "@eslint-community/regexpp": "^4.12.1",
        "@eslint/config-array": "^0.19.0",
        "@eslint/core": "^0.9.0",
        "@eslint/eslintrc": "^3.2.0",
        "@eslint/js": "9.17.0",
        "@eslint/plugin-kit": "^0.2.3",
        "@humanfs/node": "^0.16.6",
        "@humanwhocodes/module-importer": "^1.0.1",
        "@humanwhocodes/retry": "^0.4.1",
        "@types/estree": "^1.0.6",
        "@types/json-schema": "^7.0.15",
        "ajv": "^6.12.4",
        "chalk": "^4.0.0",
        "cross-spawn": "^7.0.6",
        "debug": "^4.3.2",
        "escape-string-regexp": "^4.0.0",
        "eslint-scope": "^8.2.0",
        "eslint-visitor-keys": "^4.2.0",
        "espree": "^10.3.0",
        "esquery": "^1.5.0",
        "esutils": "^2.0.2",
        "fast-deep-equal": "^3.1.3",
        "file-entry-cache": "^8.0.0",
        "find-up": "^5.0.0",
        "glob-parent": "^6.0.2",
        "ignore": "^5.2.0",
        "imurmurhash": "^0.1.4",
        "is-glob": "^4.0.0",
        "json-stable-stringify-without-jsonify": "^1.0.1",
        "lodash.merge": "^4.6.2",
        "minimatch": "^3.1.2",
        "natural-compare": "^1.4.0",
        "optionator": "^0.9.3"
      },
      "bin": {
        "eslint": "bin/eslint.js"
      },
      "engines": {
        "node": "^18.18.0 || ^20.9.0 || >=21.1.0"
      },
      "funding": {
        "url": "https://eslint.org/donate"
      },
      "peerDependencies": {
        "jiti": "*"
      },
      "peerDependenciesMeta": {
        "jiti": {
          "optional": true
        }
      }
    },
    "node_modules/eslint-config-prettier": {
      "version": "9.1.0",
      "resolved": "https://lht.app.lufthansa.com/artifactory/api/npm/npm-repos/eslint-config-prettier/-/eslint-config-prettier-9.1.0.tgz",
      "integrity": "sha1-Ma89lFeGRZZsCC/LcaWEbTyUhn8=",
      "dev": true,
      "bin": {
        "eslint-config-prettier": "bin/cli.js"
      },
      "peerDependencies": {
        "eslint": ">=7.0.0"
      }
    },
    "node_modules/eslint-plugin-prettier": {
      "version": "5.2.1",
      "resolved": "https://lht.app.lufthansa.com/artifactory/api/npm/npm-repos/eslint-plugin-prettier/-/eslint-plugin-prettier-5.2.1.tgz",
      "integrity": "sha1-0cj5ctj2DkFMJUZcFj0W8glBH5U=",
      "dev": true,
      "dependencies": {
        "prettier-linter-helpers": "^1.0.0",
        "synckit": "^0.9.1"
      },
      "engines": {
        "node": "^14.18.0 || >=16.0.0"
      },
      "funding": {
        "url": "https://opencollective.com/eslint-plugin-prettier"
      },
      "peerDependencies": {
        "@types/eslint": ">=8.0.0",
        "eslint": ">=8.0.0",
        "eslint-config-prettier": "*",
        "prettier": ">=3.0.0"
      },
      "peerDependenciesMeta": {
        "@types/eslint": {
          "optional": true
        },
        "eslint-config-prettier": {
          "optional": true
        }
      }
    },
    "node_modules/eslint-scope": {
      "version": "8.2.0",
      "resolved": "https://lht.app.lufthansa.com/artifactory/api/npm/npm-repos/eslint-scope/-/eslint-scope-8.2.0.tgz",
      "integrity": "sha1-N3qm8ctdx1ks/Qt/iS/QzzUs5EI=",
      "dev": true,
      "dependencies": {
        "esrecurse": "^4.3.0",
        "estraverse": "^5.2.0"
      },
      "engines": {
        "node": "^18.18.0 || ^20.9.0 || >=21.1.0"
      },
      "funding": {
        "url": "https://opencollective.com/eslint"
      }
    },
    "node_modules/eslint-visitor-keys": {
      "version": "4.2.0",
      "resolved": "https://lht.app.lufthansa.com/artifactory/api/npm/npm-repos/eslint-visitor-keys/-/eslint-visitor-keys-4.2.0.tgz",
      "integrity": "sha1-aHussq+IT83aim59ZcYG9GoUzUU=",
      "dev": true,
      "engines": {
        "node": "^18.18.0 || ^20.9.0 || >=21.1.0"
      },
      "funding": {
        "url": "https://opencollective.com/eslint"
      }
    },
    "node_modules/espree": {
      "version": "10.3.0",
      "resolved": "https://lht.app.lufthansa.com/artifactory/api/npm/npm-repos/espree/-/espree-10.3.0.tgz",
      "integrity": "sha1-KSZ89bDLmHNbZeZLoH4O1J0e7Yo=",
      "dev": true,
      "dependencies": {
        "acorn": "^8.14.0",
        "acorn-jsx": "^5.3.2",
        "eslint-visitor-keys": "^4.2.0"
      },
      "engines": {
        "node": "^18.18.0 || ^20.9.0 || >=21.1.0"
      },
      "funding": {
        "url": "https://opencollective.com/eslint"
      }
    },
    "node_modules/esquery": {
      "version": "1.6.0",
      "resolved": "https://lht.app.lufthansa.com/artifactory/api/npm/npm-repos/esquery/-/esquery-1.6.0.tgz",
      "integrity": "sha1-kUGSNPgE2FKoLc7sPhbNwiz52uc=",
      "dev": true,
      "dependencies": {
        "estraverse": "^5.1.0"
      },
      "engines": {
        "node": ">=0.10"
      }
    },
    "node_modules/esrecurse": {
      "version": "4.3.0",
      "resolved": "https://lht.app.lufthansa.com/artifactory/api/npm/npm-repos/esrecurse/-/esrecurse-4.3.0.tgz",
      "integrity": "sha1-eteWTWeauyi+5yzsY3WLHF0smSE=",
      "dev": true,
      "dependencies": {
        "estraverse": "^5.2.0"
      },
      "engines": {
        "node": ">=4.0"
      }
    },
    "node_modules/estraverse": {
      "version": "5.3.0",
      "resolved": "https://lht.app.lufthansa.com/artifactory/api/npm/npm-repos/estraverse/-/estraverse-5.3.0.tgz",
      "integrity": "sha1-LupSkHAvJquP5TcDcP+GyWXSESM=",
      "dev": true,
      "engines": {
        "node": ">=4.0"
      }
    },
    "node_modules/esutils": {
      "version": "2.0.3",
      "resolved": "https://lht.app.lufthansa.com/artifactory/api/npm/npm-repos/esutils/-/esutils-2.0.3.tgz",
      "integrity": "sha1-dNLrTeC42hKTcRkQ1Qd1ubcQ72Q=",
      "dev": true,
      "engines": {
        "node": ">=0.10.0"
      }
    },
    "node_modules/fast-deep-equal": {
      "version": "3.1.3",
      "resolved": "https://lht.app.lufthansa.com/artifactory/api/npm/npm-repos/fast-deep-equal/-/fast-deep-equal-3.1.3.tgz",
      "integrity": "sha1-On1WtVnWy8PrUSMlJE5hmmXGxSU=",
      "dev": true
    },
    "node_modules/fast-diff": {
      "version": "1.3.0",
      "resolved": "https://lht.app.lufthansa.com/artifactory/api/npm/npm-repos/fast-diff/-/fast-diff-1.3.0.tgz",
      "integrity": "sha1-7OQH+lUKZNY4U2zXJ+EpxhYW4PA=",
      "dev": true
    },
    "node_modules/fast-json-stable-stringify": {
      "version": "2.1.0",
      "resolved": "https://lht.app.lufthansa.com/artifactory/api/npm/npm-repos/fast-json-stable-stringify/-/fast-json-stable-stringify-2.1.0.tgz",
      "integrity": "sha1-h0v2nG9ATCtdmcSBNBOZ/VWJJjM=",
      "dev": true
    },
    "node_modules/fast-levenshtein": {
      "version": "2.0.6",
      "resolved": "https://lht.app.lufthansa.com/artifactory/api/npm/npm-repos/fast-levenshtein/-/fast-levenshtein-2.0.6.tgz",
      "integrity": "sha1-PYpcZog6FqMMqGQ+hR8Zuqd5eRc=",
      "dev": true
    },
    "node_modules/file-entry-cache": {
      "version": "8.0.0",
      "resolved": "https://lht.app.lufthansa.com/artifactory/api/npm/npm-repos/file-entry-cache/-/file-entry-cache-8.0.0.tgz",
      "integrity": "sha1-d4e93PETG/+5JjbGlFe7wO3W2B8=",
      "dev": true,
      "dependencies": {
        "flat-cache": "^4.0.0"
      },
      "engines": {
        "node": ">=16.0.0"
      }
    },
    "node_modules/find-up": {
      "version": "5.0.0",
      "resolved": "https://lht.app.lufthansa.com/artifactory/api/npm/npm-repos/find-up/-/find-up-5.0.0.tgz",
      "integrity": "sha1-TJKBnstwg1YeT0okCoa+UZj1Nvw=",
      "dev": true,
      "dependencies": {
        "locate-path": "^6.0.0",
        "path-exists": "^4.0.0"
      },
      "engines": {
        "node": ">=10"
      },
      "funding": {
        "url": "https://github.com/sponsors/sindresorhus"
      }
    },
    "node_modules/flat-cache": {
      "version": "4.0.1",
      "resolved": "https://lht.app.lufthansa.com/artifactory/api/npm/npm-repos/flat-cache/-/flat-cache-4.0.1.tgz",
      "integrity": "sha1-Ds45/LFO4BL0sEEL0z3ZwfAREnw=",
      "dev": true,
      "dependencies": {
        "flatted": "^3.2.9",
        "keyv": "^4.5.4"
      },
      "engines": {
        "node": ">=16"
      }
    },
    "node_modules/flatted": {
      "version": "3.3.2",
      "resolved": "https://lht.app.lufthansa.com/artifactory/api/npm/npm-repos/flatted/-/flatted-3.3.2.tgz",
      "integrity": "sha1-rboUSKmEG+xytCxTLqI9u+3vGic=",
      "dev": true
    },
    "node_modules/glob-parent": {
      "version": "6.0.2",
      "resolved": "https://lht.app.lufthansa.com/artifactory/api/npm/npm-repos/glob-parent/-/glob-parent-6.0.2.tgz",
      "integrity": "sha1-bSN9mQg5UMeSkPJMdkKj3poo+eM=",
      "dev": true,
      "dependencies": {
        "is-glob": "^4.0.3"
      },
      "engines": {
        "node": ">=10.13.0"
      }
    },
    "node_modules/globals": {
      "version": "15.14.0",
      "resolved": "https://lht.app.lufthansa.com/artifactory/api/npm/npm-repos/globals/-/globals-15.14.0.tgz",
      "integrity": "sha1-uP06iUH/O0048zGdQzthu7SC5z8=",
      "dev": true,
      "engines": {
        "node": ">=18"
      },
      "funding": {
        "url": "https://github.com/sponsors/sindresorhus"
      }
    },
    "node_modules/has-flag": {
      "version": "4.0.0",
      "resolved": "https://lht.app.lufthansa.com/artifactory/api/npm/npm-repos/has-flag/-/has-flag-4.0.0.tgz",
      "integrity": "sha1-lEdx/ZyByBJlxNaUGGDaBrtZR5s=",
      "dev": true,
      "engines": {
        "node": ">=8"
      }
    },
    "node_modules/ignore": {
      "version": "5.3.2",
      "resolved": "https://lht.app.lufthansa.com/artifactory/api/npm/npm-repos/ignore/-/ignore-5.3.2.tgz",
      "integrity": "sha1-PNQOcp82Q/2HywTlC/DrcivFlvU=",
      "dev": true,
      "engines": {
        "node": ">= 4"
      }
    },
    "node_modules/import-fresh": {
      "version": "3.3.0",
      "resolved": "https://lht.app.lufthansa.com/artifactory/api/npm/npm-repos/import-fresh/-/import-fresh-3.3.0.tgz",
      "integrity": "sha1-NxYsJfy566oublPVtNiM4X2eDCs=",
      "dev": true,
      "dependencies": {
        "parent-module": "^1.0.0",
        "resolve-from": "^4.0.0"
      },
      "engines": {
        "node": ">=6"
      },
      "funding": {
        "url": "https://github.com/sponsors/sindresorhus"
      }
    },
    "node_modules/imurmurhash": {
      "version": "0.1.4",
      "resolved": "https://lht.app.lufthansa.com/artifactory/api/npm/npm-repos/imurmurhash/-/imurmurhash-0.1.4.tgz",
      "integrity": "sha1-khi5srkoojixPcT7a21XbyMUU+o=",
      "dev": true,
      "engines": {
        "node": ">=0.8.19"
      }
    },
    "node_modules/is-extglob": {
      "version": "2.1.1",
      "resolved": "https://lht.app.lufthansa.com/artifactory/api/npm/npm-repos/is-extglob/-/is-extglob-2.1.1.tgz",
      "integrity": "sha1-qIwCU1eR8C7TfHahueqXc8gz+MI=",
      "dev": true,
      "engines": {
        "node": ">=0.10.0"
      }
    },
    "node_modules/is-glob": {
      "version": "4.0.3",
      "resolved": "https://lht.app.lufthansa.com/artifactory/api/npm/npm-repos/is-glob/-/is-glob-4.0.3.tgz",
      "integrity": "sha1-ZPYeQsu7LuwgcanawLKLoeZdUIQ=",
      "dev": true,
      "dependencies": {
        "is-extglob": "^2.1.1"
      },
      "engines": {
        "node": ">=0.10.0"
      }
    },
    "node_modules/isexe": {
      "version": "2.0.0",
      "resolved": "https://lht.app.lufthansa.com/artifactory/api/npm/npm-repos/isexe/-/isexe-2.0.0.tgz",
      "integrity": "sha1-6PvzdNxVb/iUehDcsFctYz8s+hA=",
      "dev": true
    },
    "node_modules/js-yaml": {
      "version": "4.1.0",
      "resolved": "https://lht.app.lufthansa.com/artifactory/api/npm/npm-repos/js-yaml/-/js-yaml-4.1.0.tgz",
      "integrity": "sha1-wftl+PUBeQHN0slRhkuhhFihBgI=",
      "dev": true,
      "dependencies": {
        "argparse": "^2.0.1"
      },
      "bin": {
        "js-yaml": "bin/js-yaml.js"
      }
    },
    "node_modules/json-buffer": {
      "version": "3.0.1",
      "resolved": "https://lht.app.lufthansa.com/artifactory/api/npm/npm-repos/json-buffer/-/json-buffer-3.0.1.tgz",
      "integrity": "sha1-kziAKjDTtmBfvgYT4JQAjKjAWhM=",
      "dev": true
    },
    "node_modules/json-schema-traverse": {
      "version": "0.4.1",
      "resolved": "https://lht.app.lufthansa.com/artifactory/api/npm/npm-repos/json-schema-traverse/-/json-schema-traverse-0.4.1.tgz",
      "integrity": "sha1-afaofZUTq4u4/mO9sJecRI5oRmA=",
      "dev": true
    },
    "node_modules/json-stable-stringify-without-jsonify": {
      "version": "1.0.1",
      "resolved": "https://lht.app.lufthansa.com/artifactory/api/npm/npm-repos/json-stable-stringify-without-jsonify/-/json-stable-stringify-without-jsonify-1.0.1.tgz",
      "integrity": "sha1-nbe1lJatPzz+8wp1FC0tkwrXJlE=",
      "dev": true
    },
    "node_modules/keyv": {
      "version": "4.5.4",
      "resolved": "https://lht.app.lufthansa.com/artifactory/api/npm/npm-repos/keyv/-/keyv-4.5.4.tgz",
      "integrity": "sha1-qHmpnilFL5QkOfKkBeOvizHU3pM=",
      "dev": true,
      "dependencies": {
        "json-buffer": "3.0.1"
      }
    },
    "node_modules/levn": {
      "version": "0.4.1",
      "resolved": "https://lht.app.lufthansa.com/artifactory/api/npm/npm-repos/levn/-/levn-0.4.1.tgz",
      "integrity": "sha1-rkViwAdHO5MqYgDUAyaN0v/8at4=",
      "dev": true,
      "dependencies": {
        "prelude-ls": "^1.2.1",
        "type-check": "~0.4.0"
      },
      "engines": {
        "node": ">= 0.8.0"
      }
    },
    "node_modules/locate-path": {
      "version": "6.0.0",
      "resolved": "https://lht.app.lufthansa.com/artifactory/api/npm/npm-repos/locate-path/-/locate-path-6.0.0.tgz",
      "integrity": "sha1-VTIeswn+u8WcSAHZMackUqaB0oY=",
      "dev": true,
      "dependencies": {
        "p-locate": "^5.0.0"
      },
      "engines": {
        "node": ">=10"
      },
      "funding": {
        "url": "https://github.com/sponsors/sindresorhus"
      }
    },
    "node_modules/lodash.merge": {
      "version": "4.6.2",
      "resolved": "https://lht.app.lufthansa.com/artifactory/api/npm/npm-repos/lodash.merge/-/lodash.merge-4.6.2.tgz",
      "integrity": "sha1-VYqlO0O2YeGSWgr9+japoQhf5Xo=",
      "dev": true
    },
    "node_modules/minimatch": {
      "version": "3.1.2",
      "resolved": "https://lht.app.lufthansa.com/artifactory/api/npm/npm-repos/minimatch/-/minimatch-3.1.2.tgz",
      "integrity": "sha1-Gc0ZS/0+Qo8EmnCBfAONiatL41s=",
      "dev": true,
      "dependencies": {
        "brace-expansion": "^1.1.7"
      },
      "engines": {
        "node": "*"
      }
    },
    "node_modules/ms": {
      "version": "2.1.3",
      "resolved": "https://lht.app.lufthansa.com/artifactory/api/npm/npm-repos/ms/-/ms-2.1.3.tgz",
      "integrity": "sha1-V0yBOM4dK1hh8LRFedut1gxmFbI=",
      "dev": true
    },
    "node_modules/natural-compare": {
      "version": "1.4.0",
      "resolved": "https://lht.app.lufthansa.com/artifactory/api/npm/npm-repos/natural-compare/-/natural-compare-1.4.0.tgz",
      "integrity": "sha1-Sr6/7tdUHywnrPspvbvRXI1bpPc=",
      "dev": true
    },
    "node_modules/optionator": {
      "version": "0.9.4",
      "resolved": "https://lht.app.lufthansa.com/artifactory/api/npm/npm-repos/optionator/-/optionator-0.9.4.tgz",
      "integrity": "sha1-fqHBpdkddk+yghOciP4R4YKjpzQ=",
      "dev": true,
      "dependencies": {
        "deep-is": "^0.1.3",
        "fast-levenshtein": "^2.0.6",
        "levn": "^0.4.1",
        "prelude-ls": "^1.2.1",
        "type-check": "^0.4.0",
        "word-wrap": "^1.2.5"
      },
      "engines": {
        "node": ">= 0.8.0"
      }
    },
    "node_modules/p-limit": {
      "version": "3.1.0",
      "resolved": "https://lht.app.lufthansa.com/artifactory/api/npm/npm-repos/p-limit/-/p-limit-3.1.0.tgz",
      "integrity": "sha1-4drMvnjQ0TiMoYxk/qOOPlfjcGs=",
      "dev": true,
      "dependencies": {
        "yocto-queue": "^0.1.0"
      },
      "engines": {
        "node": ">=10"
      },
      "funding": {
        "url": "https://github.com/sponsors/sindresorhus"
      }
    },
    "node_modules/p-locate": {
      "version": "5.0.0",
      "resolved": "https://lht.app.lufthansa.com/artifactory/api/npm/npm-repos/p-locate/-/p-locate-5.0.0.tgz",
      "integrity": "sha1-g8gxXGeFAF470CGDlBHJ4RDm2DQ=",
      "dev": true,
      "dependencies": {
        "p-limit": "^3.0.2"
      },
      "engines": {
        "node": ">=10"
      },
      "funding": {
        "url": "https://github.com/sponsors/sindresorhus"
      }
    },
    "node_modules/parent-module": {
      "version": "1.0.1",
      "resolved": "https://lht.app.lufthansa.com/artifactory/api/npm/npm-repos/parent-module/-/parent-module-1.0.1.tgz",
      "integrity": "sha1-aR0nCeeMefrjoVZiJFLQB2LKqqI=",
      "dev": true,
      "dependencies": {
        "callsites": "^3.0.0"
      },
      "engines": {
        "node": ">=6"
      }
    },
    "node_modules/path-exists": {
      "version": "4.0.0",
      "resolved": "https://lht.app.lufthansa.com/artifactory/api/npm/npm-repos/path-exists/-/path-exists-4.0.0.tgz",
      "integrity": "sha1-UTvb4tO5XXdi6METfvoZXGxhtbM=",
      "dev": true,
      "engines": {
        "node": ">=8"
      }
    },
    "node_modules/path-key": {
      "version": "3.1.1",
      "resolved": "https://lht.app.lufthansa.com/artifactory/api/npm/npm-repos/path-key/-/path-key-3.1.1.tgz",
      "integrity": "sha1-WB9q3mWMu6ZaDTOA3ndTKVBU83U=",
      "dev": true,
      "engines": {
        "node": ">=8"
      }
    },
    "node_modules/prelude-ls": {
      "version": "1.2.1",
      "resolved": "https://lht.app.lufthansa.com/artifactory/api/npm/npm-repos/prelude-ls/-/prelude-ls-1.2.1.tgz",
      "integrity": "sha1-3rxkidem5rDnYRiIzsiAM30xY5Y=",
      "dev": true,
      "engines": {
        "node": ">= 0.8.0"
      }
    },
    "node_modules/prettier": {
      "version": "3.4.2",
      "resolved": "https://lht.app.lufthansa.com/artifactory/api/npm/npm-repos/prettier/-/prettier-3.4.2.tgz",
      "integrity": "sha1-pc4ftSKliL8reMpExub+WqWisT8=",
      "dev": true,
      "bin": {
        "prettier": "bin/prettier.cjs"
      },
      "engines": {
        "node": ">=14"
      },
      "funding": {
        "url": "https://github.com/prettier/prettier?sponsor=1"
      }
    },
    "node_modules/prettier-linter-helpers": {
      "version": "1.0.0",
      "resolved": "https://lht.app.lufthansa.com/artifactory/api/npm/npm-repos/prettier-linter-helpers/-/prettier-linter-helpers-1.0.0.tgz",
      "integrity": "sha1-0j1B/hN1ZG3i0BBNNFSjAIgCz3s=",
      "dev": true,
      "dependencies": {
        "fast-diff": "^1.1.2"
      },
      "engines": {
        "node": ">=6.0.0"
      }
    },
    "node_modules/punycode": {
      "version": "2.3.1",
      "resolved": "https://lht.app.lufthansa.com/artifactory/api/npm/npm-repos/punycode/-/punycode-2.3.1.tgz",
      "integrity": "sha1-AnQi4vrsCyXhVJw+G9gwm5EztuU=",
      "dev": true,
      "engines": {
        "node": ">=6"
      }
    },
    "node_modules/resolve-from": {
      "version": "4.0.0",
      "resolved": "https://lht.app.lufthansa.com/artifactory/api/npm/npm-repos/resolve-from/-/resolve-from-4.0.0.tgz",
      "integrity": "sha1-SrzYUq0y3Xuqv+m0DgCjbbXzkuY=",
      "dev": true,
      "engines": {
        "node": ">=4"
      }
    },
    "node_modules/shebang-command": {
      "version": "2.0.0",
      "resolved": "https://lht.app.lufthansa.com/artifactory/api/npm/npm-repos/shebang-command/-/shebang-command-2.0.0.tgz",
      "integrity": "sha1-zNCvT4g1+9wmW4JGGq8MNmY/NOo=",
      "dev": true,
      "dependencies": {
        "shebang-regex": "^3.0.0"
      },
      "engines": {
        "node": ">=8"
      }
    },
    "node_modules/shebang-regex": {
      "version": "3.0.0",
      "resolved": "https://lht.app.lufthansa.com/artifactory/api/npm/npm-repos/shebang-regex/-/shebang-regex-3.0.0.tgz",
      "integrity": "sha1-rhbxZE2HPsrYQ7AwexQzYtTEIXI=",
      "dev": true,
      "engines": {
        "node": ">=8"
      }
    },
    "node_modules/strip-json-comments": {
      "version": "3.1.1",
      "resolved": "https://lht.app.lufthansa.com/artifactory/api/npm/npm-repos/strip-json-comments/-/strip-json-comments-3.1.1.tgz",
      "integrity": "sha1-MfEoGzgyYwQ0gxwxDAHMzajL4AY=",
      "dev": true,
      "engines": {
        "node": ">=8"
      },
      "funding": {
        "url": "https://github.com/sponsors/sindresorhus"
      }
    },
    "node_modules/supports-color": {
      "version": "7.2.0",
      "resolved": "https://lht.app.lufthansa.com/artifactory/api/npm/npm-repos/supports-color/-/supports-color-7.2.0.tgz",
      "integrity": "sha1-G33NyzK4E4gBs+R4umpRyqiWSNo=",
      "dev": true,
      "dependencies": {
        "has-flag": "^4.0.0"
      },
      "engines": {
        "node": ">=8"
      }
    },
    "node_modules/synckit": {
      "version": "0.9.2",
      "resolved": "https://lht.app.lufthansa.com/artifactory/api/npm/npm-repos/synckit/-/synckit-0.9.2.tgz",
      "integrity": "sha1-o6k17KeSLUi559bGGCLubDrk7GI=",
      "dev": true,
      "dependencies": {
        "@pkgr/core": "^0.1.0",
        "tslib": "^2.6.2"
      },
      "engines": {
        "node": "^14.18.0 || >=16.0.0"
      },
      "funding": {
        "url": "https://opencollective.com/unts"
      }
    },
    "node_modules/tslib": {
      "version": "2.8.1",
      "resolved": "https://lht.app.lufthansa.com/artifactory/api/npm/npm-repos/tslib/-/tslib-2.8.1.tgz",
      "integrity": "sha1-YS7+TtI11Wfoq6Xypfq3AoCt6D8=",
      "dev": true
    },
    "node_modules/type-check": {
      "version": "0.4.0",
      "resolved": "https://lht.app.lufthansa.com/artifactory/api/npm/npm-repos/type-check/-/type-check-0.4.0.tgz",
      "integrity": "sha1-B7ggO/pwVsBlcFDjzNLDdzC6uPE=",
      "dev": true,
      "dependencies": {
        "prelude-ls": "^1.2.1"
      },
      "engines": {
        "node": ">= 0.8.0"
      }
    },
    "node_modules/uri-js": {
      "version": "4.4.1",
      "resolved": "https://lht.app.lufthansa.com/artifactory/api/npm/npm-repos/uri-js/-/uri-js-4.4.1.tgz",
      "integrity": "sha1-mxpSWVIlhZ5V9mnZKPiMbFfyp34=",
      "dev": true,
      "dependencies": {
        "punycode": "^2.1.0"
      }
    },
    "node_modules/which": {
      "version": "2.0.2",
      "resolved": "https://lht.app.lufthansa.com/artifactory/api/npm/npm-repos/which/-/which-2.0.2.tgz",
      "integrity": "sha1-fGqN0KY2oDJ+ELWckobu6T8/UbE=",
      "dev": true,
      "dependencies": {
        "isexe": "^2.0.0"
      },
      "bin": {
        "node-which": "bin/node-which"
      },
      "engines": {
        "node": ">= 8"
      }
    },
    "node_modules/word-wrap": {
      "version": "1.2.5",
      "resolved": "https://lht.app.lufthansa.com/artifactory/api/npm/npm-repos/word-wrap/-/word-wrap-1.2.5.tgz",
      "integrity": "sha1-0sRcbdT7zmIaZvE2y+Mor9BBCzQ=",
      "dev": true,
      "engines": {
        "node": ">=0.10.0"
      }
    },
    "node_modules/yocto-queue": {
      "version": "0.1.0",
      "resolved": "https://lht.app.lufthansa.com/artifactory/api/npm/npm-repos/yocto-queue/-/yocto-queue-0.1.0.tgz",
      "integrity": "sha1-ApTrPe4FAo0x7hpfosVWpqrxChs=",
      "dev": true,
      "engines": {
        "node": ">=10"
      },
      "funding": {
        "url": "https://github.com/sponsors/sindresorhus"
      }
    }
  }
}
